Microsoft Visual Studio Solution File, Format Version 11.00
# Visual Studio 2008

Project("{9C214139-EBED-E20A-1EEB-22F4686EC39D}") = "StrangeRituals", "Assembly-CSharp-firstpass.csproj", "{10DFBABB-7A0B-C9EF-74F3-AFED636D4512}"
EndProject
Project("{9C214139-EBED-E20A-1EEB-22F4686EC39D}") = "StrangeRituals", "Assembly-CSharp.csproj", "{21206F4F-6C56-6886-337E-CFB1E7DC7D5C}"
EndProject
Project("{9C214139-EBED-E20A-1EEB-22F4686EC39D}") = "StrangeRituals", "Assembly-CSharp-Editor.csproj", "{EE274953-DE66-20B1-29F8-BE020DFD0131}"
EndProject
Global
	GlobalSection(SolutionConfigurationPlatforms) = preSolution
		Debug|Any CPU = Debug|Any CPU
		Release|Any CPU = Release|Any CPU
	EndGlobalSection
	GlobalSection(ProjectConfigurationPlatforms) = postSolution
		{10DFBABB-7A0B-C9EF-74F3-AFED636D4512}.Debug|Any CPU.ActiveCfg = Debug|Any CPU
		{10DFBABB-7A0B-C9EF-74F3-AFED636D4512}.Debug|Any CPU.Build.0 = Debug|Any CPU
		{10DFBABB-7A0B-C9EF-74F3-AFED636D4512}.Release|Any CPU.ActiveCfg = Release|Any CPU
		{10DFBABB-7A0B-C9EF-74F3-AFED636D4512}.Release|Any CPU.Build.0 = Release|Any CPU
		{21206F4F-6C56-6886-337E-CFB1E7DC7D5C}.Debug|Any CPU.ActiveCfg = Debug|Any CPU
		{21206F4F-6C56-6886-337E-CFB1E7DC7D5C}.Debug|Any CPU.Build.0 = Debug|Any CPU
		{21206F4F-6C56-6886-337E-CFB1E7DC7D5C}.Release|Any CPU.ActiveCfg = Release|Any CPU
		{21206F4F-6C56-6886-337E-CFB1E7DC7D5C}.Release|Any CPU.Build.0 = Release|Any CPU
		{EE274953-DE66-20B1-29F8-BE020DFD0131}.Debug|Any CPU.ActiveCfg = Debug|Any CPU
		{EE274953-DE66-20B1-29F8-BE020DFD0131}.Debug|Any CPU.Build.0 = Debug|Any CPU
		{EE274953-DE66-20B1-29F8-BE020DFD0131}.Release|Any CPU.ActiveCfg = Release|Any CPU
		{EE274953-DE66-20B1-29F8-BE020DFD0131}.Release|Any CPU.Build.0 = Release|Any CPU
	EndGlobalSection
	GlobalSection(SolutionProperties) = preSolution
		HideSolutionNode = FALSE
	EndGlobalSection
																																																																									GlobalSection(MonoDevelopProperties) = preSolution
=======
																																																					GlobalSection(MonoDevelopProperties) = preSolution
=======
<<<<<<< HEAD
																																																									GlobalSection(MonoDevelopProperties) = preSolution
>>>>>>> 2dfb48fbabdb2d5e5483afad824a1eeea89c339a
=======
																																																GlobalSection(MonoDevelopProperties) = preSolution
>>>>>>> 83c8097efb910ed4d6c706ac1e95ccfa0947a543
>>>>>>> 41d7e154d9cd4defaeeb9b2f3146f424fb4fa1f3
=======
<<<<<<< HEAD
																													GlobalSection(MonoDevelopProperties) = preSolution
=======
<<<<<<< HEAD
																																													GlobalSection(MonoDevelopProperties) = preSolution
=======
<<<<<<< HEAD
																																				GlobalSection(MonoDevelopProperties) = preSolution
>>>>>>> 906d4583d2a6037c1110f6c3cbaa406371e1dcab
=======
<<<<<<< HEAD
																																									GlobalSection(MonoDevelopProperties) = preSolution
>>>>>>> 319ff26ef7e0bb2801add345f09071bbdb972355
=======
<<<<<<< HEAD
																				GlobalSection(MonoDevelopProperties) = preSolution
>>>>>>> 4262fc93aa067d0c0389949b54d14bfc5eff4781
=======
																														GlobalSection(MonoDevelopProperties) = preSolution
>>>>>>> 86a8a520151869be462f6bfee55eff2b7cc2e7b2
=======
<<<<<<< HEAD
																																								GlobalSection(MonoDevelopProperties) = preSolution
>>>>>>> e9edaf37670614d1cd98f77301ed2068da9e4f67
=======
<<<<<<< HEAD
																			GlobalSection(MonoDevelopProperties) = preSolution
>>>>>>> c4effa41e9aa5a1c92d199cb6001921e5e7af800
=======
<<<<<<< HEAD
																															GlobalSection(MonoDevelopProperties) = preSolution
>>>>>>> 66eafc22cdb633f6e729210cd787a13ede81cca3
=======
<<<<<<< HEAD
															GlobalSection(MonoDevelopProperties) = preSolution
>>>>>>> 3fc06aef728240ae988cfe4170f60c552292d878
=======
<<<<<<< HEAD
																								GlobalSection(MonoDevelopProperties) = preSolution
=======
<<<<<<< HEAD
																											GlobalSection(MonoDevelopProperties) = preSolution
>>>>>>> 66eafc22cdb633f6e729210cd787a13ede81cca3
=======
<<<<<<< HEAD
													GlobalSection(MonoDevelopProperties) = preSolution
>>>>>>> cb38b7913dd6af3bc0637c7cd4e317bf74d551ea
=======
<<<<<<< HEAD
																					GlobalSection(MonoDevelopProperties) = preSolution
>>>>>>> 310b7002b61689ec08a038598bac88a057a58c82
>>>>>>> 2fca85aaf85e6ef590684c9ba4c42c086785b690
=======
<<<<<<< HEAD
									GlobalSection(MonoDevelopProperties) = preSolution
=======
																						GlobalSection(MonoDevelopProperties) = preSolution
>>>>>>> 17650e1fe6a70793702e00a62662e995cfc660e4
>>>>>>> 2c80c5aa0dd11b84592b405437fdfcafab2949c3
		StartupItem = Assembly-CSharp.csproj
		Policies = $0
		$0.TextStylePolicy = $1
		$1.inheritsSet = null
		$1.scope = text/x-csharp
		$0.CSharpFormattingPolicy = $2
		$2.inheritsSet = Mono
		$2.inheritsScope = text/x-csharp
		$2.scope = text/x-csharp
		$0.TextStylePolicy = $3
		$3.FileWidth = 120
		$3.TabWidth = 4
		$3.IndentWidth = 4
		$3.EolMarker = Unix
		$3.inheritsSet = Mono
		$3.inheritsScope = text/plain
		$3.scope = text/plain
	EndGlobalSection

EndGlobal
