Microsoft Visual Studio Solution File, Format Version 11.00
# Visual Studio 2008

Project("{9C214139-EBED-E20A-1EEB-22F4686EC39D}") = "StrangeRituals", "Assembly-CSharp.csproj", "{21206F4F-6C56-6886-337E-CFB1E7DC7D5C}"
EndProject
Global
	GlobalSection(SolutionConfigurationPlatforms) = preSolution
		Debug|Any CPU = Debug|Any CPU
		Release|Any CPU = Release|Any CPU
	EndGlobalSection
	GlobalSection(ProjectConfigurationPlatforms) = postSolution
		{21206F4F-6C56-6886-337E-CFB1E7DC7D5C}.Debug|Any CPU.ActiveCfg = Debug|Any CPU
		{21206F4F-6C56-6886-337E-CFB1E7DC7D5C}.Debug|Any CPU.Build.0 = Debug|Any CPU
		{21206F4F-6C56-6886-337E-CFB1E7DC7D5C}.Release|Any CPU.ActiveCfg = Release|Any CPU
		{21206F4F-6C56-6886-337E-CFB1E7DC7D5C}.Release|Any CPU.Build.0 = Release|Any CPU
	EndGlobalSection
	GlobalSection(SolutionProperties) = preSolution
		HideSolutionNode = FALSE
	EndGlobalSection
																			GlobalSection(MonoDevelopProperties) = preSolution
=======
<<<<<<< HEAD
																								GlobalSection(MonoDevelopProperties) = preSolution
=======
<<<<<<< HEAD
																											GlobalSection(MonoDevelopProperties) = preSolution
=======
<<<<<<< HEAD
													GlobalSection(MonoDevelopProperties) = preSolution
>>>>>>> cb38b7913dd6af3bc0637c7cd4e317bf74d551ea
=======
<<<<<<< HEAD
																					GlobalSection(MonoDevelopProperties) = preSolution
>>>>>>> 310b7002b61689ec08a038598bac88a057a58c82
=======
<<<<<<< HEAD
									GlobalSection(MonoDevelopProperties) = preSolution
>>>>>>> fa846fed68f9e67e2a708af1a1e73d96a440390b
=======
																						GlobalSection(MonoDevelopProperties) = preSolution
>>>>>>> 17650e1fe6a70793702e00a62662e995cfc660e4
>>>>>>> 2c80c5aa0dd11b84592b405437fdfcafab2949c3
>>>>>>> dbd88becf800c728f0525aaa115f4749c7782374
		StartupItem = Assembly-CSharp.csproj
		Policies = $0
		$0.TextStylePolicy = $1
		$1.inheritsSet = null
		$1.scope = text/x-csharp
		$0.CSharpFormattingPolicy = $2
		$2.inheritsSet = Mono
		$2.inheritsScope = text/x-csharp
		$2.scope = text/x-csharp
		$0.TextStylePolicy = $3
		$3.FileWidth = 120
		$3.TabWidth = 4
		$3.IndentWidth = 4
		$3.EolMarker = Unix
		$3.inheritsSet = Mono
		$3.inheritsScope = text/plain
		$3.scope = text/plain
	EndGlobalSection

EndGlobal
